
Microsoft Visual Studio Solution File, Format Version 12.00
# Visual Studio Version 17
VisualStudioVersion = 17.0.31717.71
MinimumVisualStudioVersion = 10.0.40219.1
Project("{FAE04EC0-301F-11D3-BF4B-00C04F79EFBC}") = "StudentsAdmin.API", "StudentsAdmin.API\StudentsAdmin.API.csproj", "{3202EC20-6582-40B9-8129-9F333DA39F98}"
EndProject
Global
	GlobalSection(SolutionConfigurationPlatforms) = preSolution
		Debug|Any CPU = Debug|Any CPU
		Release|Any CPU = Release|Any CPU
	EndGlobalSection
	GlobalSection(ProjectConfigurationPlatforms) = postSolution
		{3202EC20-6582-40B9-8129-9F333DA39F98}.Debug|Any CPU.ActiveCfg = Debug|Any CPU
		{3202EC20-6582-40B9-8129-9F333DA39F98}.Debug|Any CPU.Build.0 = Debug|Any CPU
		{3202EC20-6582-40B9-8129-9F333DA39F98}.Release|Any CPU.ActiveCfg = Release|Any CPU
		{3202EC20-6582-40B9-8129-9F333DA39F98}.Release|Any CPU.Build.0 = Release|Any CPU
	EndGlobalSection
	GlobalSection(SolutionProperties) = preSolution
		HideSolutionNode = FALSE
	EndGlobalSection
	GlobalSection(ExtensibilityGlobals) = postSolution
		SolutionGuid = {A9DD075C-1808-4CD9-AF9C-29DC5BE22A61}
	EndGlobalSection
EndGlobal
